// !$*UTF8*$!
{
	archiveVersion = 1;
	classes = {
	};
	objectVersion = 50;
	objects = {

/* Begin PBXBuildFile section */
		0AFFF1BD24921ABC00E3105A /* AppDelegate.swift in Sources */ = {isa = PBXBuildFile; fileRef = 0AFFF1BC24921ABC00E3105A /* AppDelegate.swift */; };
		0AFFF1BF24921ABC00E3105A /* SceneDelegate.swift in Sources */ = {isa = PBXBuildFile; fileRef = 0AFFF1BE24921ABC00E3105A /* SceneDelegate.swift */; };
		0AFFF1C124921ABC00E3105A /* ViewController.swift in Sources */ = {isa = PBXBuildFile; fileRef = 0AFFF1C024921ABC00E3105A /* ViewController.swift */; };
		0AFFF1C424921ABC00E3105A /* Main.storyboard in Resources */ = {isa = PBXBuildFile; fileRef = 0AFFF1C224921ABC00E3105A /* Main.storyboard */; };
		0AFFF1C624921ABD00E3105A /* Assets.xcassets in Resources */ = {isa = PBXBuildFile; fileRef = 0AFFF1C524921ABD00E3105A /* Assets.xcassets */; };
		0AFFF1C924921ABD00E3105A /* LaunchScreen.storyboard in Resources */ = {isa = PBXBuildFile; fileRef = 0AFFF1C724921ABD00E3105A /* LaunchScreen.storyboard */; };
		0AFFF1D424921ABD00E3105A /* GitActionProjectTests.swift in Sources */ = {isa = PBXBuildFile; fileRef = 0AFFF1D324921ABD00E3105A /* GitActionProjectTests.swift */; };
		0AFFF1DF24921ABD00E3105A /* GitActionProjectUITests.swift in Sources */ = {isa = PBXBuildFile; fileRef = 0AFFF1DE24921ABD00E3105A /* GitActionProjectUITests.swift */; };
/* End PBXBuildFile section */

/* Begin PBXContainerItemProxy section */
		0AFFF1D024921ABD00E3105A /* PBXContainerItemProxy */ = {
			isa = PBXContainerItemProxy;
			containerPortal = 0AFFF1B124921ABB00E3105A /* Project object */;
			proxyType = 1;
			remoteGlobalIDString = 0AFFF1B824921ABC00E3105A;
			remoteInfo = GitActionProject;
		};
		0AFFF1DB24921ABD00E3105A /* PBXContainerItemProxy */ = {
			isa = PBXContainerItemProxy;
			containerPortal = 0AFFF1B124921ABB00E3105A /* Project object */;
			proxyType = 1;
			remoteGlobalIDString = 0AFFF1B824921ABC00E3105A;
			remoteInfo = GitActionProject;
		};
/* End PBXContainerItemProxy section */

/* Begin PBXFileReference section */
		0AFFF1B924921ABC00E3105A /* GitActionProject.app */ = {isa = PBXFileReference; explicitFileType = wrapper.application; includeInIndex = 0; path = GitActionProject.app; sourceTree = BUILT_PRODUCTS_DIR; };
		0AFFF1BC24921ABC00E3105A /* AppDelegate.swift */ = {isa = PBXFileReference; lastKnownFileType = sourcecode.swift; path = AppDelegate.swift; sourceTree = "<group>"; };
		0AFFF1BE24921ABC00E3105A /* SceneDelegate.swift */ = {isa = PBXFileReference; lastKnownFileType = sourcecode.swift; path = SceneDelegate.swift; sourceTree = "<group>"; };
		0AFFF1C024921ABC00E3105A /* ViewController.swift */ = {isa = PBXFileReference; lastKnownFileType = sourcecode.swift; path = ViewController.swift; sourceTree = "<group>"; };
		0AFFF1C324921ABC00E3105A /* Base */ = {isa = PBXFileReference; lastKnownFileType = file.storyboard; name = Base; path = Base.lproj/Main.storyboard; sourceTree = "<group>"; };
		0AFFF1C524921ABD00E3105A /* Assets.xcassets */ = {isa = PBXFileReference; lastKnownFileType = folder.assetcatalog; path = Assets.xcassets; sourceTree = "<group>"; };
		0AFFF1C824921ABD00E3105A /* Base */ = {isa = PBXFileReference; lastKnownFileType = file.storyboard; name = Base; path = Base.lproj/LaunchScreen.storyboard; sourceTree = "<group>"; };
		0AFFF1CA24921ABD00E3105A /* Info.plist */ = {isa = PBXFileReference; lastKnownFileType = text.plist.xml; path = Info.plist; sourceTree = "<group>"; };
		0AFFF1CF24921ABD00E3105A /* GitActionProjectTests.xctest */ = {isa = PBXFileReference; explicitFileType = wrapper.cfbundle; includeInIndex = 0; path = GitActionProjectTests.xctest; sourceTree = BUILT_PRODUCTS_DIR; };
		0AFFF1D324921ABD00E3105A /* GitActionProjectTests.swift */ = {isa = PBXFileReference; lastKnownFileType = sourcecode.swift; path = GitActionProjectTests.swift; sourceTree = "<group>"; };
		0AFFF1D524921ABD00E3105A /* Info.plist */ = {isa = PBXFileReference; lastKnownFileType = text.plist.xml; path = Info.plist; sourceTree = "<group>"; };
		0AFFF1DA24921ABD00E3105A /* GitActionProjectUITests.xctest */ = {isa = PBXFileReference; explicitFileType = wrapper.cfbundle; includeInIndex = 0; path = GitActionProjectUITests.xctest; sourceTree = BUILT_PRODUCTS_DIR; };
		0AFFF1DE24921ABD00E3105A /* GitActionProjectUITests.swift */ = {isa = PBXFileReference; lastKnownFileType = sourcecode.swift; path = GitActionProjectUITests.swift; sourceTree = "<group>"; };
		0AFFF1E024921ABD00E3105A /* Info.plist */ = {isa = PBXFileReference; lastKnownFileType = text.plist.xml; path = Info.plist; sourceTree = "<group>"; };
/* End PBXFileReference section */

/* Begin PBXFrameworksBuildPhase section */
		0AFFF1B624921ABC00E3105A /* Frameworks */ = {
			isa = PBXFrameworksBuildPhase;
			buildActionMask = 2147483647;
			files = (
			);
			runOnlyForDeploymentPostprocessing = 0;
		};
		0AFFF1CC24921ABD00E3105A /* Frameworks */ = {
			isa = PBXFrameworksBuildPhase;
			buildActionMask = 2147483647;
			files = (
			);
			runOnlyForDeploymentPostprocessing = 0;
		};
		0AFFF1D724921ABD00E3105A /* Frameworks */ = {
			isa = PBXFrameworksBuildPhase;
			buildActionMask = 2147483647;
			files = (
			);
			runOnlyForDeploymentPostprocessing = 0;
		};
/* End PBXFrameworksBuildPhase section */

/* Begin PBXGroup section */
		0AFFF1B024921ABB00E3105A = {
			isa = PBXGroup;
			children = (
				0AFFF1BB24921ABC00E3105A /* GitActionProject */,
				0AFFF1D224921ABD00E3105A /* GitActionProjectTests */,
				0AFFF1DD24921ABD00E3105A /* GitActionProjectUITests */,
				0AFFF1BA24921ABC00E3105A /* Products */,
			);
			sourceTree = "<group>";
		};
		0AFFF1BA24921ABC00E3105A /* Products */ = {
			isa = PBXGroup;
			children = (
				0AFFF1B924921ABC00E3105A /* GitActionProject.app */,
				0AFFF1CF24921ABD00E3105A /* GitActionProjectTests.xctest */,
				0AFFF1DA24921ABD00E3105A /* GitActionProjectUITests.xctest */,
			);
			name = Products;
			sourceTree = "<group>";
		};
		0AFFF1BB24921ABC00E3105A /* GitActionProject */ = {
			isa = PBXGroup;
			children = (
				0AFFF1BC24921ABC00E3105A /* AppDelegate.swift */,
				0AFFF1BE24921ABC00E3105A /* SceneDelegate.swift */,
				0AFFF1C024921ABC00E3105A /* ViewController.swift */,
				0AFFF1C224921ABC00E3105A /* Main.storyboard */,
				0AFFF1C524921ABD00E3105A /* Assets.xcassets */,
				0AFFF1C724921ABD00E3105A /* LaunchScreen.storyboard */,
				0AFFF1CA24921ABD00E3105A /* Info.plist */,
			);
			path = GitActionProject;
			sourceTree = "<group>";
		};
		0AFFF1D224921ABD00E3105A /* GitActionProjectTests */ = {
			isa = PBXGroup;
			children = (
				0AFFF1D324921ABD00E3105A /* GitActionProjectTests.swift */,
				0AFFF1D524921ABD00E3105A /* Info.plist */,
			);
			path = GitActionProjectTests;
			sourceTree = "<group>";
		};
		0AFFF1DD24921ABD00E3105A /* GitActionProjectUITests */ = {
			isa = PBXGroup;
			children = (
				0AFFF1DE24921ABD00E3105A /* GitActionProjectUITests.swift */,
				0AFFF1E024921ABD00E3105A /* Info.plist */,
			);
			path = GitActionProjectUITests;
			sourceTree = "<group>";
		};
/* End PBXGroup section */

/* Begin PBXNativeTarget section */
		0AFFF1B824921ABC00E3105A /* GitActionProject */ = {
			isa = PBXNativeTarget;
			buildConfigurationList = 0AFFF1E324921ABD00E3105A /* Build configuration list for PBXNativeTarget "GitActionProject" */;
			buildPhases = (
				0AFFF1B524921ABC00E3105A /* Sources */,
				0AFFF1B624921ABC00E3105A /* Frameworks */,
				0AFFF1B724921ABC00E3105A /* Resources */,
			);
			buildRules = (
			);
			dependencies = (
			);
			name = GitActionProject;
			productName = GitActionProject;
			productReference = 0AFFF1B924921ABC00E3105A /* GitActionProject.app */;
			productType = "com.apple.product-type.application";
		};
		0AFFF1CE24921ABD00E3105A /* GitActionProjectTests */ = {
			isa = PBXNativeTarget;
			buildConfigurationList = 0AFFF1E624921ABD00E3105A /* Build configuration list for PBXNativeTarget "GitActionProjectTests" */;
			buildPhases = (
				0AFFF1CB24921ABD00E3105A /* Sources */,
				0AFFF1CC24921ABD00E3105A /* Frameworks */,
				0AFFF1CD24921ABD00E3105A /* Resources */,
			);
			buildRules = (
			);
			dependencies = (
				0AFFF1D124921ABD00E3105A /* PBXTargetDependency */,
			);
			name = GitActionProjectTests;
			productName = GitActionProjectTests;
			productReference = 0AFFF1CF24921ABD00E3105A /* GitActionProjectTests.xctest */;
			productType = "com.apple.product-type.bundle.unit-test";
		};
		0AFFF1D924921ABD00E3105A /* GitActionProjectUITests */ = {
			isa = PBXNativeTarget;
			buildConfigurationList = 0AFFF1E924921ABD00E3105A /* Build configuration list for PBXNativeTarget "GitActionProjectUITests" */;
			buildPhases = (
				0AFFF1D624921ABD00E3105A /* Sources */,
				0AFFF1D724921ABD00E3105A /* Frameworks */,
				0AFFF1D824921ABD00E3105A /* Resources */,
			);
			buildRules = (
			);
			dependencies = (
				0AFFF1DC24921ABD00E3105A /* PBXTargetDependency */,
			);
			name = GitActionProjectUITests;
			productName = GitActionProjectUITests;
			productReference = 0AFFF1DA24921ABD00E3105A /* GitActionProjectUITests.xctest */;
			productType = "com.apple.product-type.bundle.ui-testing";
		};
/* End PBXNativeTarget section */

/* Begin PBXProject section */
		0AFFF1B124921ABB00E3105A /* Project object */ = {
			isa = PBXProject;
			attributes = {
				LastSwiftUpdateCheck = 1150;
				LastUpgradeCheck = 1150;
				ORGANIZATIONNAME = "WONKI MIN";
				TargetAttributes = {
					0AFFF1B824921ABC00E3105A = {
						CreatedOnToolsVersion = 11.5;
					};
					0AFFF1CE24921ABD00E3105A = {
						CreatedOnToolsVersion = 11.5;
						TestTargetID = 0AFFF1B824921ABC00E3105A;
					};
					0AFFF1D924921ABD00E3105A = {
						CreatedOnToolsVersion = 11.5;
						TestTargetID = 0AFFF1B824921ABC00E3105A;
					};
				};
			};
			buildConfigurationList = 0AFFF1B424921ABB00E3105A /* Build configuration list for PBXProject "GitActionProject" */;
			compatibilityVersion = "Xcode 9.3";
			developmentRegion = en;
			hasScannedForEncodings = 0;
			knownRegions = (
				en,
				Base,
			);
			mainGroup = 0AFFF1B024921ABB00E3105A;
			productRefGroup = 0AFFF1BA24921ABC00E3105A /* Products */;
			projectDirPath = "";
			projectRoot = "";
			targets = (
				0AFFF1B824921ABC00E3105A /* GitActionProject */,
				0AFFF1CE24921ABD00E3105A /* GitActionProjectTests */,
				0AFFF1D924921ABD00E3105A /* GitActionProjectUITests */,
			);
		};
/* End PBXProject section */

/* Begin PBXResourcesBuildPhase section */
		0AFFF1B724921ABC00E3105A /* Resources */ = {
			isa = PBXResourcesBuildPhase;
			buildActionMask = 2147483647;
			files = (
				0AFFF1C924921ABD00E3105A /* LaunchScreen.storyboard in Resources */,
				0AFFF1C624921ABD00E3105A /* Assets.xcassets in Resources */,
				0AFFF1C424921ABC00E3105A /* Main.storyboard in Resources */,
			);
			runOnlyForDeploymentPostprocessing = 0;
		};
		0AFFF1CD24921ABD00E3105A /* Resources */ = {
			isa = PBXResourcesBuildPhase;
			buildActionMask = 2147483647;
			files = (
			);
			runOnlyForDeploymentPostprocessing = 0;
		};
		0AFFF1D824921ABD00E3105A /* Resources */ = {
			isa = PBXResourcesBuildPhase;
			buildActionMask = 2147483647;
			files = (
			);
			runOnlyForDeploymentPostprocessing = 0;
		};
/* End PBXResourcesBuildPhase section */

/* Begin PBXSourcesBuildPhase section */
		0AFFF1B524921ABC00E3105A /* Sources */ = {
			isa = PBXSourcesBuildPhase;
			buildActionMask = 2147483647;
			files = (
				0AFFF1C124921ABC00E3105A /* ViewController.swift in Sources */,
				0AFFF1BD24921ABC00E3105A /* AppDelegate.swift in Sources */,
				0AFFF1BF24921ABC00E3105A /* SceneDelegate.swift in Sources */,
			);
			runOnlyForDeploymentPostprocessing = 0;
		};
		0AFFF1CB24921ABD00E3105A /* Sources */ = {
			isa = PBXSourcesBuildPhase;
			buildActionMask = 2147483647;
			files = (
				0AFFF1D424921ABD00E3105A /* GitActionProjectTests.swift in Sources */,
			);
			runOnlyForDeploymentPostprocessing = 0;
		};
		0AFFF1D624921ABD00E3105A /* Sources */ = {
			isa = PBXSourcesBuildPhase;
			buildActionMask = 2147483647;
			files = (
				0AFFF1DF24921ABD00E3105A /* GitActionProjectUITests.swift in Sources */,
			);
			runOnlyForDeploymentPostprocessing = 0;
		};
/* End PBXSourcesBuildPhase section */

/* Begin PBXTargetDependency section */
		0AFFF1D124921ABD00E3105A /* PBXTargetDependency */ = {
			isa = PBXTargetDependency;
			target = 0AFFF1B824921ABC00E3105A /* GitActionProject */;
			targetProxy = 0AFFF1D024921ABD00E3105A /* PBXContainerItemProxy */;
		};
		0AFFF1DC24921ABD00E3105A /* PBXTargetDependency */ = {
			isa = PBXTargetDependency;
			target = 0AFFF1B824921ABC00E3105A /* GitActionProject */;
			targetProxy = 0AFFF1DB24921ABD00E3105A /* PBXContainerItemProxy */;
		};
/* End PBXTargetDependency section */

/* Begin PBXVariantGroup section */
		0AFFF1C224921ABC00E3105A /* Main.storyboard */ = {
			isa = PBXVariantGroup;
			children = (
				0AFFF1C324921ABC00E3105A /* Base */,
			);
			name = Main.storyboard;
			sourceTree = "<group>";
		};
		0AFFF1C724921ABD00E3105A /* LaunchScreen.storyboard */ = {
			isa = PBXVariantGroup;
			children = (
				0AFFF1C824921ABD00E3105A /* Base */,
			);
			name = LaunchScreen.storyboard;
			sourceTree = "<group>";
		};
/* End PBXVariantGroup section */

/* Begin XCBuildConfiguration section */
		0AFFF1E124921ABD00E3105A /* Debug */ = {
			isa = XCBuildConfiguration;
			buildSettings = {
				ALWAYS_SEARCH_USER_PATHS = NO;
				CLANG_ANALYZER_NONNULL = YES;
				CLANG_ANALYZER_NUMBER_OBJECT_CONVERSION = YES_AGGRESSIVE;
				CLANG_CXX_LANGUAGE_STANDARD = "gnu++14";
				CLANG_CXX_LIBRARY = "libc++";
				CLANG_ENABLE_MODULES = YES;
				CLANG_ENABLE_OBJC_ARC = YES;
				CLANG_ENABLE_OBJC_WEAK = YES;
				CLANG_WARN_BLOCK_CAPTURE_AUTORELEASING = YES;
				CLANG_WARN_BOOL_CONVERSION = YES;
				CLANG_WARN_COMMA = YES;
				CLANG_WARN_CONSTANT_CONVERSION = YES;
				CLANG_WARN_DEPRECATED_OBJC_IMPLEMENTATIONS = YES;
				CLANG_WARN_DIRECT_OBJC_ISA_USAGE = YES_ERROR;
				CLANG_WARN_DOCUMENTATION_COMMENTS = YES;
				CLANG_WARN_EMPTY_BODY = YES;
				CLANG_WARN_ENUM_CONVERSION = YES;
				CLANG_WARN_INFINITE_RECURSION = YES;
				CLANG_WARN_INT_CONVERSION = YES;
				CLANG_WARN_NON_LITERAL_NULL_CONVERSION = YES;
				CLANG_WARN_OBJC_IMPLICIT_RETAIN_SELF = YES;
				CLANG_WARN_OBJC_LITERAL_CONVERSION = YES;
				CLANG_WARN_OBJC_ROOT_CLASS = YES_ERROR;
				CLANG_WARN_RANGE_LOOP_ANALYSIS = YES;
				CLANG_WARN_STRICT_PROTOTYPES = YES;
				CLANG_WARN_SUSPICIOUS_MOVE = YES;
				CLANG_WARN_UNGUARDED_AVAILABILITY = YES_AGGRESSIVE;
				CLANG_WARN_UNREACHABLE_CODE = YES;
				CLANG_WARN__DUPLICATE_METHOD_MATCH = YES;
				COPY_PHASE_STRIP = NO;
				DEBUG_INFORMATION_FORMAT = dwarf;
				ENABLE_STRICT_OBJC_MSGSEND = YES;
				ENABLE_TESTABILITY = YES;
				GCC_C_LANGUAGE_STANDARD = gnu11;
				GCC_DYNAMIC_NO_PIC = NO;
				GCC_NO_COMMON_BLOCKS = YES;
				GCC_OPTIMIZATION_LEVEL = 0;
				GCC_PREPROCESSOR_DEFINITIONS = (
					"DEBUG=1",
					"$(inherited)",
				);
				GCC_WARN_64_TO_32_BIT_CONVERSION = YES;
				GCC_WARN_ABOUT_RETURN_TYPE = YES_ERROR;
				GCC_WARN_UNDECLARED_SELECTOR = YES;
				GCC_WARN_UNINITIALIZED_AUTOS = YES_AGGRESSIVE;
				GCC_WARN_UNUSED_FUNCTION = YES;
				GCC_WARN_UNUSED_VARIABLE = YES;
				IPHONEOS_DEPLOYMENT_TARGET = 13.5;
				MTL_ENABLE_DEBUG_INFO = INCLUDE_SOURCE;
				MTL_FAST_MATH = YES;
				ONLY_ACTIVE_ARCH = YES;
				SDKROOT = iphoneos;
				SWIFT_ACTIVE_COMPILATION_CONDITIONS = DEBUG;
				SWIFT_OPTIMIZATION_LEVEL = "-Onone";
			};
			name = Debug;
		};
		0AFFF1E224921ABD00E3105A /* Release */ = {
			isa = XCBuildConfiguration;
			buildSettings = {
				ALWAYS_SEARCH_USER_PATHS = NO;
				CLANG_ANALYZER_NONNULL = YES;
				CLANG_ANALYZER_NUMBER_OBJECT_CONVERSION = YES_AGGRESSIVE;
				CLANG_CXX_LANGUAGE_STANDARD = "gnu++14";
				CLANG_CXX_LIBRARY = "libc++";
				CLANG_ENABLE_MODULES = YES;
				CLANG_ENABLE_OBJC_ARC = YES;
				CLANG_ENABLE_OBJC_WEAK = YES;
				CLANG_WARN_BLOCK_CAPTURE_AUTORELEASING = YES;
				CLANG_WARN_BOOL_CONVERSION = YES;
				CLANG_WARN_COMMA = YES;
				CLANG_WARN_CONSTANT_CONVERSION = YES;
				CLANG_WARN_DEPRECATED_OBJC_IMPLEMENTATIONS = YES;
				CLANG_WARN_DIRECT_OBJC_ISA_USAGE = YES_ERROR;
				CLANG_WARN_DOCUMENTATION_COMMENTS = YES;
				CLANG_WARN_EMPTY_BODY = YES;
				CLANG_WARN_ENUM_CONVERSION = YES;
				CLANG_WARN_INFINITE_RECURSION = YES;
				CLANG_WARN_INT_CONVERSION = YES;
				CLANG_WARN_NON_LITERAL_NULL_CONVERSION = YES;
				CLANG_WARN_OBJC_IMPLICIT_RETAIN_SELF = YES;
				CLANG_WARN_OBJC_LITERAL_CONVERSION = YES;
				CLANG_WARN_OBJC_ROOT_CLASS = YES_ERROR;
				CLANG_WARN_RANGE_LOOP_ANALYSIS = YES;
				CLANG_WARN_STRICT_PROTOTYPES = YES;
				CLANG_WARN_SUSPICIOUS_MOVE = YES;
				CLANG_WARN_UNGUARDED_AVAILABILITY = YES_AGGRESSIVE;
				CLANG_WARN_UNREACHABLE_CODE = YES;
				CLANG_WARN__DUPLICATE_METHOD_MATCH = YES;
				COPY_PHASE_STRIP = NO;
				DEBUG_INFORMATION_FORMAT = "dwarf-with-dsym";
				ENABLE_NS_ASSERTIONS = NO;
				ENABLE_STRICT_OBJC_MSGSEND = YES;
				GCC_C_LANGUAGE_STANDARD = gnu11;
				GCC_NO_COMMON_BLOCKS = YES;
				GCC_WARN_64_TO_32_BIT_CONVERSION = YES;
				GCC_WARN_ABOUT_RETURN_TYPE = YES_ERROR;
				GCC_WARN_UNDECLARED_SELECTOR = YES;
				GCC_WARN_UNINITIALIZED_AUTOS = YES_AGGRESSIVE;
				GCC_WARN_UNUSED_FUNCTION = YES;
				GCC_WARN_UNUSED_VARIABLE = YES;
				IPHONEOS_DEPLOYMENT_TARGET = 13.5;
				MTL_ENABLE_DEBUG_INFO = NO;
				MTL_FAST_MATH = YES;
				SDKROOT = iphoneos;
				SWIFT_COMPILATION_MODE = wholemodule;
				SWIFT_OPTIMIZATION_LEVEL = "-O";
				VALIDATE_PRODUCT = YES;
			};
			name = Release;
		};
		0AFFF1E424921ABD00E3105A /* Debug */ = {
			isa = XCBuildConfiguration;
			buildSettings = {
				ASSETCATALOG_COMPILER_APPICON_NAME = AppIcon;
				CODE_SIGN_STYLE = Automatic;
				DEVELOPMENT_TEAM = HZBJF977UG;
				INFOPLIST_FILE = GitActionProject/Info.plist;
				LD_RUNPATH_SEARCH_PATHS = (
					"$(inherited)",
					"@executable_path/Frameworks",
				);
				PRODUCT_BUNDLE_IDENTIFIER = com.logispot.GitActionProject;
				PRODUCT_NAME = "$(TARGET_NAME)";
				SWIFT_VERSION = 5.0;
				TARGETED_DEVICE_FAMILY = "1,2";
			};
			name = Debug;
		};
		0AFFF1E524921ABD00E3105A /* Release */ = {
			isa = XCBuildConfiguration;
			buildSettings = {
				ASSETCATALOG_COMPILER_APPICON_NAME = AppIcon;
				CODE_SIGN_STYLE = Automatic;
				DEVELOPMENT_TEAM = HZBJF977UG;
				INFOPLIST_FILE = GitActionProject/Info.plist;
				LD_RUNPATH_SEARCH_PATHS = (
					"$(inherited)",
					"@executable_path/Frameworks",
				);
				PRODUCT_BUNDLE_IDENTIFIER = com.logispot.GitActionProject;
				PRODUCT_NAME = "$(TARGET_NAME)";
				SWIFT_VERSION = 5.0;
				TARGETED_DEVICE_FAMILY = "1,2";
			};
			name = Release;
		};
		0AFFF1E724921ABD00E3105A /* Debug */ = {
			isa = XCBuildConfiguration;
			buildSettings = {
				ALWAYS_EMBED_SWIFT_STANDARD_LIBRARIES = YES;
				BUNDLE_LOADER = "$(TEST_HOST)";
				CODE_SIGN_STYLE = Automatic;
				DEVELOPMENT_TEAM = HZBJF977UG;
				INFOPLIST_FILE = GitActionProjectTests/Info.plist;
				IPHONEOS_DEPLOYMENT_TARGET = 13.5;
				LD_RUNPATH_SEARCH_PATHS = (
					"$(inherited)",
					"@executable_path/Frameworks",
					"@loader_path/Frameworks",
				);
				PRODUCT_BUNDLE_IDENTIFIER = com.logispot.GitActionProjectTests;
				PRODUCT_NAME = "$(TARGET_NAME)";
				SWIFT_VERSION = 5.0;
				TARGETED_DEVICE_FAMILY = "1,2";
				TEST_HOST = "$(BUILT_PRODUCTS_DIR)/GitActionProject.app/GitActionProject";
			};
			name = Debug;
		};
		0AFFF1E824921ABD00E3105A /* Release */ = {
			isa = XCBuildConfiguration;
			buildSettings = {
				ALWAYS_EMBED_SWIFT_STANDARD_LIBRARIES = YES;
				BUNDLE_LOADER = "$(TEST_HOST)";
				CODE_SIGN_STYLE = Automatic;
				DEVELOPMENT_TEAM = HZBJF977UG;
				INFOPLIST_FILE = GitActionProjectTests/Info.plist;
				IPHONEOS_DEPLOYMENT_TARGET = 13.5;
				LD_RUNPATH_SEARCH_PATHS = (
					"$(inherited)",
					"@executable_path/Frameworks",
					"@loader_path/Frameworks",
				);
				PRODUCT_BUNDLE_IDENTIFIER = com.logispot.GitActionProjectTests;
				PRODUCT_NAME = "$(TARGET_NAME)";
				SWIFT_VERSION = 5.0;
				TARGETED_DEVICE_FAMILY = "1,2";
				TEST_HOST = "$(BUILT_PRODUCTS_DIR)/GitActionProject.app/GitActionProject";
			};
			name = Release;
		};
		0AFFF1EA24921ABD00E3105A /* Debug */ = {
			isa = XCBuildConfiguration;
			buildSettings = {
				ALWAYS_EMBED_SWIFT_STANDARD_LIBRARIES = YES;
				CODE_SIGN_STYLE = Automatic;
				DEVELOPMENT_TEAM = HZBJF977UG;
				INFOPLIST_FILE = GitActionProjectUITests/Info.plist;
				LD_RUNPATH_SEARCH_PATHS = (
					"$(inherited)",
					"@executable_path/Frameworks",
					"@loader_path/Frameworks",
				);
				PRODUCT_BUNDLE_IDENTIFIER = com.logispot.GitActionProjectUITests;
				PRODUCT_NAME = "$(TARGET_NAME)";
				SWIFT_VERSION = 5.0;
				TARGETED_DEVICE_FAMILY = "1,2";
				TEST_TARGET_NAME = GitActionProject;
			};
			name = Debug;
		};
		0AFFF1EB24921ABD00E3105A /* Release */ = {
			isa = XCBuildConfiguration;
			buildSettings = {
				ALWAYS_EMBED_SWIFT_STANDARD_LIBRARIES = YES;
				CODE_SIGN_STYLE = Automatic;
				DEVELOPMENT_TEAM = HZBJF977UG;
				INFOPLIST_FILE = GitActionProjectUITests/Info.plist;
				LD_RUNPATH_SEARCH_PATHS = (
					"$(inherited)",
					"@executable_path/Frameworks",
					"@loader_path/Frameworks",
				);
				PRODUCT_BUNDLE_IDENTIFIER = com.logispot.GitActionProjectUITests;
				PRODUCT_NAME = "$(TARGET_NAME)";
				SWIFT_VERSION = 5.0;
				TARGETED_DEVICE_FAMILY = "1,2";
				TEST_TARGET_NAME = GitActionProject;
			};
			name = Release;
		};
/* End XCBuildConfiguration section */

/* Begin XCConfigurationList section */
		0AFFF1B424921ABB00E3105A /* Build configuration list for PBXProject "GitActionProject" */ = {
			isa = XCConfigurationList;
			buildConfigurations = (
				0AFFF1E124921ABD00E3105A /* Debug */,
				0AFFF1E224921ABD00E3105A /* Release */,
			);
			defaultConfigurationIsVisible = 0;
			defaultConfigurationName = Release;
		};
		0AFFF1E324921ABD00E3105A /* Build configuration list for PBXNativeTarget "GitActionProject" */ = {
			isa = XCConfigurationList;
			buildConfigurations = (
				0AFFF1E424921ABD00E3105A /* Debug */,
				0AFFF1E524921ABD00E3105A /* Release */,
			);
			defaultConfigurationIsVisible = 0;
			defaultConfigurationName = Release;
		};
		0AFFF1E624921ABD00E3105A /* Build configuration list for PBXNativeTarget "GitActionProjectTests" */ = {
			isa = XCConfigurationList;
			buildConfigurations = (
				0AFFF1E724921ABD00E3105A /* Debug */,
				0AFFF1E824921ABD00E3105A /* Release */,
			);
			defaultConfigurationIsVisible = 0;
			defaultConfigurationName = Release;
		};
		0AFFF1E924921ABD00E3105A /* Build configuration list for PBXNativeTarget "GitActionProjectUITests" */ = {
			isa = XCConfigurationList;
			buildConfigurations = (
				0AFFF1EA24921ABD00E3105A /* Debug */,
				0AFFF1EB24921ABD00E3105A /* Release */,
			);
			defaultConfigurationIsVisible = 0;
			defaultConfigurationName = Release;
		};
/* End XCConfigurationList section */
	};
	rootObject = 0AFFF1B124921ABB00E3105A /* Project object */;
}
